
Microsoft Visual Studio Solution File, Format Version 12.00
# Visual Studio Version 17
VisualStudioVersion = 17.6.33723.286
MinimumVisualStudioVersion = 10.0.40219.1
Project("{FAE04EC0-301F-11D3-BF4B-00C04F79EFBC}") = "Project_Game_development", "Project_Game_development\Project_Game_development.csproj", "{4EF13A27-3A6A-49A6-B907-71D93E8B61EF}"
EndProject
Global
	GlobalSection(SolutionConfigurationPlatforms) = preSolution
		Debug|Any CPU = Debug|Any CPU
		Release|Any CPU = Release|Any CPU
	EndGlobalSection
	GlobalSection(ProjectConfigurationPlatforms) = postSolution
		{4EF13A27-3A6A-49A6-B907-71D93E8B61EF}.Debug|Any CPU.ActiveCfg = Debug|Any CPU
		{4EF13A27-3A6A-49A6-B907-71D93E8B61EF}.Debug|Any CPU.Build.0 = Debug|Any CPU
		{4EF13A27-3A6A-49A6-B907-71D93E8B61EF}.Release|Any CPU.ActiveCfg = Release|Any CPU
		{4EF13A27-3A6A-49A6-B907-71D93E8B61EF}.Release|Any CPU.Build.0 = Release|Any CPU
	EndGlobalSection
	GlobalSection(SolutionProperties) = preSolution
		HideSolutionNode = FALSE
	EndGlobalSection
	GlobalSection(ExtensibilityGlobals) = postSolution
		SolutionGuid = {F1C6C1D6-8B61-41C8-8FCC-8DF40C85842B}
	EndGlobalSection
EndGlobal
